
Microsoft Visual Studio Solution File, Format Version 12.00
# Visual Studio Version 17
VisualStudioVersion = 17.11.35312.102
MinimumVisualStudioVersion = 10.0.40219.1
Project("{FAE04EC0-301F-11D3-BF4B-00C04F79EFBC}") = "Wyzwanie", "Wyzwanie\Wyzwanie.csproj", "{EB586E18-8F51-48E3-A8F2-7737ED732CAB}"
EndProject
Global
	GlobalSection(SolutionConfigurationPlatforms) = preSolution
		Debug|Any CPU = Debug|Any CPU
		Release|Any CPU = Release|Any CPU
	EndGlobalSection
	GlobalSection(ProjectConfigurationPlatforms) = postSolution
		{EB586E18-8F51-48E3-A8F2-7737ED732CAB}.Debug|Any CPU.ActiveCfg = Debug|Any CPU
		{EB586E18-8F51-48E3-A8F2-7737ED732CAB}.Debug|Any CPU.Build.0 = Debug|Any CPU
		{EB586E18-8F51-48E3-A8F2-7737ED732CAB}.Release|Any CPU.ActiveCfg = Release|Any CPU
		{EB586E18-8F51-48E3-A8F2-7737ED732CAB}.Release|Any CPU.Build.0 = Release|Any CPU
	EndGlobalSection
	GlobalSection(SolutionProperties) = preSolution
		HideSolutionNode = FALSE
	EndGlobalSection
	GlobalSection(ExtensibilityGlobals) = postSolution
		SolutionGuid = {E018D21B-F1E0-4967-B88C-2AC69277A9A9}
	EndGlobalSection
EndGlobal
